# THIS IS AN AUTOGENERATED FILE. DO NOT EDIT THIS FILE DIRECTLY.
# yarn lockfile v1


"cmdo-inverse@file:../inverse":
  version "1.1.0"

notation@2.0.0:
  version "2.0.0"
  resolved "https://registry.yarnpkg.com/notation/-/notation-2.0.0.tgz#8897aaf903e328a37b60298de69e6213d685fa85"
  integrity sha512-7irCcJXENYi2n5PRh/huQvgZ66GMXabtYcOAqSulK/7yAKDa3gNZNDvp4Nydax6Pk1xC9a7UXvkYY9ao3iqb/w==
