# THIS IS AN AUTOGENERATED FILE. DO NOT EDIT THIS FILE DIRECTLY.
# yarn lockfile v1


cmdo-access@1.0.2:
  version "1.0.2"
  resolved "https://registry.yarnpkg.com/cmdo-access/-/cmdo-access-1.0.2.tgz#9bed00ed3773e386bbc4f7bc93bcfa3814f6c4c2"
  integrity sha512-tTjHILlXASRMXcQkPkcOZq9oazXkUyqqF69RtE+Z37u5g+tDRcQrGb/dNW8TtV2ZY0lZ+dTilLioUA/DsQQ+Ow==
  dependencies:
    cmdo-inverse "1.0.1"
    notation "2.0.0"

cmdo-http@1.0.0:
  version "1.0.0"
  resolved "https://registry.yarnpkg.com/cmdo-http/-/cmdo-http-1.0.0.tgz#3ddbe97bf09bc5aaa0b0a99bdf38a3815760e541"
  integrity sha512-X+9cvNz/41EwRqKhGoxptFHVTY00WTfRDDL1g5Nwc/Vfs3RNr6JOStiDaaWFaWWULKDlUNyUH0r5QnfvVXhycA==

cmdo-inverse@1.0.1:
  version "1.0.1"
  resolved "https://registry.yarnpkg.com/cmdo-inverse/-/cmdo-inverse-1.0.1.tgz#826f5f4500270669530fd6bac85dea8efdac7b8e"
  integrity sha512-7G1rNEwvpUoOEnNFCpuJMg5AerJgc8o7J4GOuECyA1q2mgbIf+mc6YI/+wXSXo4aeDdHtgI4vdPm1XWVBD4FTg==

notation@2.0.0:
  version "2.0.0"
  resolved "https://registry.yarnpkg.com/notation/-/notation-2.0.0.tgz#8897aaf903e328a37b60298de69e6213d685fa85"
  integrity sha512-7irCcJXENYi2n5PRh/huQvgZ66GMXabtYcOAqSulK/7yAKDa3gNZNDvp4Nydax6Pk1xC9a7UXvkYY9ao3iqb/w==
