{
  "name": "cmdo-events",
  "version": "0.0.2",
  "lockfileVersion": 1,
  "requires": true,
  "dependencies": {
    "@types/eventemitter3": {
      "version": "2.0.2",
      "resolved": "https://registry.npmjs.org/@types/eventemitter3/-/eventemitter3-2.0.2.tgz",
      "integrity": "sha1-lLV8JWjE8JR51kgS9iUxexKm7dA=",
      "dev": true,
      "requires": {
        "eventemitter3": "*"
      }
    },
    "cmdo-inverse": {
      "version": "1.1.1",
      "resolved": "https://registry.npmjs.org/cmdo-inverse/-/cmdo-inverse-1.1.1.tgz",
      "integrity": "sha512-4PJKS8VpmZ6dV040Q5rh1Fz2vo/w3AvMWK1HSaEhOxvZBW8atHF3ci5EFTX1Sm7ZmsRppcFnubzQb4oGrr2TkA=="
    },
    "eventemitter3": {
      "version": "4.0.7",
      "resolved": "https://registry.npmjs.org/eventemitter3/-/eventemitter3-4.0.7.tgz",
      "integrity": "sha512-8guHBZCwKnFhYdHr2ysuRWErTwhoN2X8XELRlrRwpmfeY2jjuUN4taQMsULKUVo1K4DvZl+0pgfyoysHxvmvEw=="
    }
  }
}
