{
  "name": "cmdo-domain",
  "version": "0.4.0-dev",
  "lockfileVersion": 1,
  "requires": true,
  "dependencies": {
    "@types/crypto-js": {
      "version": "4.0.1",
      "resolved": "https://registry.npmjs.org/@types/crypto-js/-/crypto-js-4.0.1.tgz",
      "integrity": "sha512-6+OPzqhKX/cx5xh+yO8Cqg3u3alrkhoxhE5ZOdSEv0DOzJ13lwJ6laqGU0Kv6+XDMFmlnGId04LtY22PsFLQUw==",
      "dev": true
    },
    "@types/eventemitter3": {
      "version": "2.0.2",
      "resolved": "https://registry.npmjs.org/@types/eventemitter3/-/eventemitter3-2.0.2.tgz",
      "integrity": "sha1-lLV8JWjE8JR51kgS9iUxexKm7dA=",
      "dev": true,
      "requires": {
        "eventemitter3": "*"
      }
    },
    "cmdo-access": {
      "version": "1.1.1",
      "resolved": "https://registry.npmjs.org/cmdo-access/-/cmdo-access-1.1.1.tgz",
      "integrity": "sha512-Tq2qRzTesOuLitgDczprgiBlEL1dc2zOQ/Dj2XDV8mYJWasOpSlBgCMNhTTfMTgdgRMzikCGqO5HAajSpHs9VA==",
      "requires": {
        "cmdo-inverse": "*",
        "notation": "2.0.0"
      }
    },
    "cmdo-inverse": {
      "version": "1.1.1",
      "resolved": "https://registry.npmjs.org/cmdo-inverse/-/cmdo-inverse-1.1.1.tgz",
      "integrity": "sha512-4PJKS8VpmZ6dV040Q5rh1Fz2vo/w3AvMWK1HSaEhOxvZBW8atHF3ci5EFTX1Sm7ZmsRppcFnubzQb4oGrr2TkA=="
    },
    "crypto-js": {
      "version": "4.0.0",
      "resolved": "https://registry.npmjs.org/crypto-js/-/crypto-js-4.0.0.tgz",
      "integrity": "sha512-bzHZN8Pn+gS7DQA6n+iUmBfl0hO5DJq++QP3U6uTucDtk/0iGpXd/Gg7CGR0p8tJhofJyaKoWBuJI4eAO00BBg=="
    },
    "eventemitter3": {
      "version": "4.0.7",
      "resolved": "https://registry.npmjs.org/eventemitter3/-/eventemitter3-4.0.7.tgz",
      "integrity": "sha512-8guHBZCwKnFhYdHr2ysuRWErTwhoN2X8XELRlrRwpmfeY2jjuUN4taQMsULKUVo1K4DvZl+0pgfyoysHxvmvEw=="
    },
    "notation": {
      "version": "2.0.0",
      "resolved": "https://registry.npmjs.org/notation/-/notation-2.0.0.tgz",
      "integrity": "sha512-7irCcJXENYi2n5PRh/huQvgZ66GMXabtYcOAqSulK/7yAKDa3gNZNDvp4Nydax6Pk1xC9a7UXvkYY9ao3iqb/w=="
    }
  }
}
